{
  "requires": true,
  "lockfileVersion": 1,
  "dependencies": {
    "react-hook-form": {
      "version": "4.8.1",
      "resolved": "https://registry.npmjs.org/react-hook-form/-/react-hook-form-4.8.1.tgz",
      "integrity": "sha512-3DFNKCB+a1RDq7nuQXjvHqzWl6Mt80USts6j47duI0Jn+07T+liXh7JuIOne+Fnb59kSGWCSHMvT0ytqNo7YOg=="
    }
  }
}
